
Microsoft Visual Studio Solution File, Format Version 12.00
# Visual Studio Version 17
VisualStudioVersion = 17.1.32421.90
MinimumVisualStudioVersion = 10.0.40219.1
Project("{FAE04EC0-301F-11D3-BF4B-00C04F79EFBC}") = "Gaita.Hypersign", "Gaita.Hypersign\Gaita.Hypersign.csproj", "{FCE01F68-981B-4F27-BD2E-E1638AAF0BA6}"
EndProject
Global
	GlobalSection(SolutionConfigurationPlatforms) = preSolution
		Debug|Any CPU = Debug|Any CPU
		Release|Any CPU = Release|Any CPU
	EndGlobalSection
	GlobalSection(ProjectConfigurationPlatforms) = postSolution
		{FCE01F68-981B-4F27-BD2E-E1638AAF0BA6}.Debug|Any CPU.ActiveCfg = Debug|Any CPU
		{FCE01F68-981B-4F27-BD2E-E1638AAF0BA6}.Debug|Any CPU.Build.0 = Debug|Any CPU
		{FCE01F68-981B-4F27-BD2E-E1638AAF0BA6}.Release|Any CPU.ActiveCfg = Release|Any CPU
		{FCE01F68-981B-4F27-BD2E-E1638AAF0BA6}.Release|Any CPU.Build.0 = Release|Any CPU
	EndGlobalSection
	GlobalSection(SolutionProperties) = preSolution
		HideSolutionNode = FALSE
	EndGlobalSection
	GlobalSection(ExtensibilityGlobals) = postSolution
		SolutionGuid = {1759AAE6-D20A-4867-86C4-6692CDB3F426}
	EndGlobalSection
EndGlobal
